# THIS IS AN AUTOGENERATED FILE. DO NOT EDIT THIS FILE DIRECTLY.
# yarn lockfile v1


"@ckeditor/ckeditor5-clipboard@39.0.0":
  version "39.0.0"
  resolved "https://registry.yarnpkg.com/@ckeditor/ckeditor5-clipboard/-/ckeditor5-clipboard-39.0.0.tgz#e200bf4c4dc4a607aa2e035eb80f85be6745d8a3"
  integrity sha512-6IufwrghR7nuoghxRdFx1r4CTHjxza+SfdSjP35G9BpTpS3vVt2MlJMUVppzVRRuBrF8bReG8jlhNugH/h5Qdg==
  dependencies:
    "@ckeditor/ckeditor5-core" "39.0.0"
    "@ckeditor/ckeditor5-engine" "39.0.0"
    "@ckeditor/ckeditor5-ui" "39.0.0"
    "@ckeditor/ckeditor5-utils" "39.0.0"
    "@ckeditor/ckeditor5-widget" "39.0.0"
    lodash-es "4.17.21"

"@ckeditor/ckeditor5-core@39.0.0":
  version "39.0.0"
  resolved "https://registry.yarnpkg.com/@ckeditor/ckeditor5-core/-/ckeditor5-core-39.0.0.tgz#0dc6959da012dc95eca785b1419df280b26b2b1a"
  integrity sha512-hBsXCsUu6IrH3++SNZlk2MNRgw/l4swulGeL65zUfT6Us+UN1XcuKT4hSBZW8kSGJjdhaVyn8qU8gVgUfaCCyw==
  dependencies:
    "@ckeditor/ckeditor5-engine" "39.0.0"
    "@ckeditor/ckeditor5-utils" "39.0.0"
    lodash-es "4.17.21"

"@ckeditor/ckeditor5-engine@39.0.0":
  version "39.0.0"
  resolved "https://registry.yarnpkg.com/@ckeditor/ckeditor5-engine/-/ckeditor5-engine-39.0.0.tgz#041fecf609cbe6514719a7caa4fced5b1a4717be"
  integrity sha512-eXWkMU7TJH6CziO+maIO/lRdCFgsiy2ZB2nw07JeTCQAYZuMpc0JOn4HOYwiouxf2Sbl9k+GfMiin8fr60WHRw==
  dependencies:
    "@ckeditor/ckeditor5-utils" "39.0.0"
    lodash-es "4.17.21"

"@ckeditor/ckeditor5-enter@39.0.0":
  version "39.0.0"
  resolved "https://registry.yarnpkg.com/@ckeditor/ckeditor5-enter/-/ckeditor5-enter-39.0.0.tgz#7a0f5aaabc7fca44d862d0944371f1bd081849e1"
  integrity sha512-Fm6fCQO7Xt1UBKuTWG785XueeYAsEriyx/pL0LM7PofUkwL9Iu1EbxQWw1bzm7DXB6tIaaX3JqPWP6OTAQpS2Q==
  dependencies:
    "@ckeditor/ckeditor5-core" "39.0.0"
    "@ckeditor/ckeditor5-engine" "39.0.0"
    "@ckeditor/ckeditor5-utils" "39.0.0"

"@ckeditor/ckeditor5-typing@39.0.0":
  version "39.0.0"
  resolved "https://registry.yarnpkg.com/@ckeditor/ckeditor5-typing/-/ckeditor5-typing-39.0.0.tgz#dafa22de749cc96790bd1e218dc3b6872540a154"
  integrity sha512-aIIkezuZPxlLPwDxcSe1Lm3M8K0J/vJViig1Fa4Olrt9R0Zf0SbpHLos27v/2WdM2pWCGnNFVD87pyNhlUUwhg==
  dependencies:
    "@ckeditor/ckeditor5-core" "39.0.0"
    "@ckeditor/ckeditor5-engine" "39.0.0"
    "@ckeditor/ckeditor5-utils" "39.0.0"
    lodash-es "4.17.21"

"@ckeditor/ckeditor5-ui@39.0.0":
  version "39.0.0"
  resolved "https://registry.yarnpkg.com/@ckeditor/ckeditor5-ui/-/ckeditor5-ui-39.0.0.tgz#e59d0fae0dc8d5487622579a30ee72289dd1ff5a"
  integrity sha512-gE5Voy6wLm+JwDZ7DaM0PZcdlVq3isSF7JIPLJUiCMJahnUd//Bev8BnKI1JemeYwLZI/WvIYfbIC+kBk93iPg==
  dependencies:
    "@ckeditor/ckeditor5-core" "39.0.0"
    "@ckeditor/ckeditor5-utils" "39.0.0"
    color-convert "2.0.1"
    color-parse "1.4.2"
    lodash-es "4.17.21"
    vanilla-colorful "0.7.2"

"@ckeditor/ckeditor5-upload@39.0.0":
  version "39.0.0"
  resolved "https://registry.yarnpkg.com/@ckeditor/ckeditor5-upload/-/ckeditor5-upload-39.0.0.tgz#f4629a2ff0d80fcea5698a1d6f0c09d36611f168"
  integrity sha512-X/v18Xzr0c8QBJyOc6eAKaKwk+Pp89Uu/r9MqUI0UwXCzjhO7LaYX2f0a7I0cdQGhGE1J0lzLrGC7yLA6vvs7Q==
  dependencies:
    "@ckeditor/ckeditor5-core" "39.0.0"
    "@ckeditor/ckeditor5-ui" "39.0.0"
    "@ckeditor/ckeditor5-utils" "39.0.0"

"@ckeditor/ckeditor5-utils@39.0.0":
  version "39.0.0"
  resolved "https://registry.yarnpkg.com/@ckeditor/ckeditor5-utils/-/ckeditor5-utils-39.0.0.tgz#b07327fd25d073e2fb9c56edbd3a8d109eb284e0"
  integrity sha512-UweuJZh3N0LpTpWbF0mYNqTYr8kMOHJQs2aWFV6QkXkNtkRQccqv9IPpogdXkvjJ1sWfNjRTT0iWlE2zWyhqkg==
  dependencies:
    lodash-es "4.17.21"

"@ckeditor/ckeditor5-widget@39.0.0":
  version "39.0.0"
  resolved "https://registry.yarnpkg.com/@ckeditor/ckeditor5-widget/-/ckeditor5-widget-39.0.0.tgz#96ed430b129cbfa9539156bc4242232b0a047019"
  integrity sha512-/mrJVmlw7seLyhkmHXHzbbpsmttlZkh4rzWNx2Mgmhl17J3QLoUpI+QzWlgeP6ViHoDVwTEMZUsWZyLg5Z5ReA==
  dependencies:
    "@ckeditor/ckeditor5-core" "39.0.0"
    "@ckeditor/ckeditor5-engine" "39.0.0"
    "@ckeditor/ckeditor5-enter" "39.0.0"
    "@ckeditor/ckeditor5-typing" "39.0.0"
    "@ckeditor/ckeditor5-ui" "39.0.0"
    "@ckeditor/ckeditor5-utils" "39.0.0"
    lodash-es "4.17.21"

color-convert@2.0.1:
  version "2.0.1"
  resolved "https://registry.yarnpkg.com/color-convert/-/color-convert-2.0.1.tgz#72d3a68d598c9bdb3af2ad1e84f21d896abd4de3"
  integrity sha512-RRECPsj7iu/xb5oKYcsFHSppFNnsj/52OVTRKb4zP5onXwVF3zVmmToNcOfGC+CRDpfK/U584fMg38ZHCaElKQ==
  dependencies:
    color-name "~1.1.4"

color-name@^1.0.0, color-name@~1.1.4:
  version "1.1.4"
  resolved "https://registry.yarnpkg.com/color-name/-/color-name-1.1.4.tgz#c2a09a87acbde69543de6f63fa3995c826c536a2"
  integrity sha512-dOy+3AuW3a2wNbZHIuMZpTcgjGuLU/uBL/ubcZF9OXbDo8ff4O8yVp5Bf0efS8uEoYo5q4Fx7dY9OgQGXgAsQA==

color-parse@1.4.2:
  version "1.4.2"
  resolved "https://registry.yarnpkg.com/color-parse/-/color-parse-1.4.2.tgz#78651f5d34df1a57f997643d86f7f87268ad4eb5"
  integrity sha512-RI7s49/8yqDj3fECFZjUI1Yi0z/Gq1py43oNJivAIIDSyJiOZLfYCRQEgn8HEVAj++PcRe8AnL2XF0fRJ3BTnA==
  dependencies:
    color-name "^1.0.0"

lodash-es@4.17.21:
  version "4.17.21"
  resolved "https://registry.yarnpkg.com/lodash-es/-/lodash-es-4.17.21.tgz#43e626c46e6591b7750beb2b50117390c609e3ee"
  integrity sha512-mKnC+QJ9pWVzv+C4/U3rRsHapFfHvQFoFB92e52xeyGMcX6/OlIl78je1u8vePzYZSkkogMPJ2yjxxsb89cxyw==

vanilla-colorful@0.7.2:
  version "0.7.2"
  resolved "https://registry.yarnpkg.com/vanilla-colorful/-/vanilla-colorful-0.7.2.tgz#3fb1f4b9f15b797e20fd1ce8e0364f33b073f4a2"
  integrity sha512-z2YZusTFC6KnLERx1cgoIRX2CjPRP0W75N+3CC6gbvdX5Ch47rZkEMGO2Xnf+IEmi3RiFLxS18gayMA27iU7Kg==
